
Microsoft Visual Studio Solution File, Format Version 12.00
# Visual Studio Version 16
VisualStudioVersion = 16.0.28822.285
MinimumVisualStudioVersion = 10.0.40219.1
Project("{8BC9CEB8-8B4A-11D0-8D11-00A0C91BC942}") = "OpenMC", "OpenMC\OpenMC.vcxproj", "{A583950D-A70C-404B-BDB4-3E683624C63D}"
	ProjectSection(ProjectDependencies) = postProject
		{53D46851-9AF8-4B0E-BCB8-02409180AEB9} = {53D46851-9AF8-4B0E-BCB8-02409180AEB9}
	EndProjectSection
EndProject
Project("{8BC9CEB8-8B4A-11D0-8D11-00A0C91BC942}") = "ImGui", "ImGui\ImGui.vcxproj", "{53D46851-9AF8-4B0E-BCB8-02409180AEB9}"
EndProject
Global
	GlobalSection(SolutionConfigurationPlatforms) = preSolution
		Debug|x64 = Debug|x64
		Debug|x86 = Debug|x86
		Debug-2017|x64 = Debug-2017|x64
		Debug-2017|x86 = Debug-2017|x86
		Release|x64 = Release|x64
		Release|x86 = Release|x86
	EndGlobalSection
	GlobalSection(ProjectConfigurationPlatforms) = postSolution
		{A583950D-A70C-404B-BDB4-3E683624C63D}.Debug|x64.ActiveCfg = Debug|x64
		{A583950D-A70C-404B-BDB4-3E683624C63D}.Debug|x64.Build.0 = Debug|x64
		{A583950D-A70C-404B-BDB4-3E683624C63D}.Debug|x86.ActiveCfg = Debug|Win32
		{A583950D-A70C-404B-BDB4-3E683624C63D}.Debug|x86.Build.0 = Debug|Win32
		{A583950D-A70C-404B-BDB4-3E683624C63D}.Debug-2017|x64.ActiveCfg = Debug-2017|x64
		{A583950D-A70C-404B-BDB4-3E683624C63D}.Debug-2017|x64.Build.0 = Debug-2017|x64
		{A583950D-A70C-404B-BDB4-3E683624C63D}.Debug-2017|x86.ActiveCfg = Debug-2017|Win32
		{A583950D-A70C-404B-BDB4-3E683624C63D}.Debug-2017|x86.Build.0 = Debug-2017|Win32
		{A583950D-A70C-404B-BDB4-3E683624C63D}.Release|x64.ActiveCfg = Release|x64
		{A583950D-A70C-404B-BDB4-3E683624C63D}.Release|x64.Build.0 = Release|x64
		{A583950D-A70C-404B-BDB4-3E683624C63D}.Release|x86.ActiveCfg = Release|Win32
		{A583950D-A70C-404B-BDB4-3E683624C63D}.Release|x86.Build.0 = Release|Win32
		{53D46851-9AF8-4B0E-BCB8-02409180AEB9}.Debug|x64.ActiveCfg = Debug|x64
		{53D46851-9AF8-4B0E-BCB8-02409180AEB9}.Debug|x64.Build.0 = Debug|x64
		{53D46851-9AF8-4B0E-BCB8-02409180AEB9}.Debug|x86.ActiveCfg = Debug|Win32
		{53D46851-9AF8-4B0E-BCB8-02409180AEB9}.Debug|x86.Build.0 = Debug|Win32
		{53D46851-9AF8-4B0E-BCB8-02409180AEB9}.Debug-2017|x64.ActiveCfg = Debug-2017|x64
		{53D46851-9AF8-4B0E-BCB8-02409180AEB9}.Debug-2017|x64.Build.0 = Debug-2017|x64
		{53D46851-9AF8-4B0E-BCB8-02409180AEB9}.Debug-2017|x86.ActiveCfg = Debug|Win32
		{53D46851-9AF8-4B0E-BCB8-02409180AEB9}.Debug-2017|x86.Build.0 = Debug|Win32
		{53D46851-9AF8-4B0E-BCB8-02409180AEB9}.Release|x64.ActiveCfg = Release|x64
		{53D46851-9AF8-4B0E-BCB8-02409180AEB9}.Release|x64.Build.0 = Release|x64
		{53D46851-9AF8-4B0E-BCB8-02409180AEB9}.Release|x86.ActiveCfg = Release|Win32
		{53D46851-9AF8-4B0E-BCB8-02409180AEB9}.Release|x86.Build.0 = Release|Win32
	EndGlobalSection
	GlobalSection(SolutionProperties) = preSolution
		HideSolutionNode = FALSE
	EndGlobalSection
	GlobalSection(ExtensibilityGlobals) = postSolution
		SolutionGuid = {BFAEC0EE-74CF-4E5F-A923-A6400FACE652}
	EndGlobalSection
EndGlobal
