<?xml version="1.0" encoding="utf-8"?>
<Project ToolsVersion="4.0" xmlns="http://schemas.microsoft.com/developer/msbuild/2003">
  <ItemGroup>
    <Filter Include="资源文件">
      <UniqueIdentifier>{67DA6AB6-F800-4c08-8B7A-83BB121AAD01}</UniqueIdentifier>
      <Extensions>rc;ico;cur;bmp;dlg;rc2;rct;bin;rgs;gif;jpg;jpeg;jpe;resx;tiff;tif;png;wav;mfcribbon-ms</Extensions>
    </Filter>
    <Filter Include="GLSL">
      <UniqueIdentifier>{105710a3-400c-4d8d-bfff-514d7a300430}</UniqueIdentifier>
    </Filter>
    <Filter Include="Src">
      <UniqueIdentifier>{4FC737F1-C7A5-4376-A066-2A32D752A2FF}</UniqueIdentifier>
      <Extensions>cpp;c;cc;cxx;def;odl;idl;hpj;bat;asm;asmx</Extensions>
    </Filter>
    <Filter Include="Src\Camare">
      <UniqueIdentifier>{ef6b3baa-0dcd-49fb-a4b2-970fe38ac288}</UniqueIdentifier>
    </Filter>
    <Filter Include="Src\ResourceManager">
      <UniqueIdentifier>{9b945141-a380-471a-aaf0-fbfb0e24a31e}</UniqueIdentifier>
    </Filter>
    <Filter Include="Src\SpriteRenderer">
      <UniqueIdentifier>{a10133d9-33f3-497c-94eb-db1e536e3cb3}</UniqueIdentifier>
    </Filter>
    <Filter Include="Src\Helpers">
      <UniqueIdentifier>{8a3b31b3-1616-4b10-a818-47c8395c58fe}</UniqueIdentifier>
    </Filter>
    <Filter Include="Src\Systems">
      <UniqueIdentifier>{3bf9f254-0f69-4f21-b960-64e618720f09}</UniqueIdentifier>
    </Filter>
    <Filter Include="Src\World">
      <UniqueIdentifier>{e636432c-a100-4b3d-9485-d3262785e47f}</UniqueIdentifier>
    </Filter>
    <Filter Include="Src\World\Types">
      <UniqueIdentifier>{66f0e690-263d-42ae-8b4c-ed9fdcf126f5}</UniqueIdentifier>
    </Filter>
    <Filter Include="Src\World\Database">
      <UniqueIdentifier>{362d1901-5ba1-4c79-a624-c6fbed0ce944}</UniqueIdentifier>
    </Filter>
    <Filter Include="Src\Scenes">
      <UniqueIdentifier>{c1171ad1-fc95-424a-b1c5-bb0db983607a}</UniqueIdentifier>
    </Filter>
    <Filter Include="Src\World\Characters">
      <UniqueIdentifier>{8f554d0a-d693-4f21-9f9b-3f9593d7de71}</UniqueIdentifier>
    </Filter>
    <Filter Include="Src\World\Map">
      <UniqueIdentifier>{165c7c27-e7b2-4e92-afc8-c0ee896deafb}</UniqueIdentifier>
    </Filter>
    <Filter Include="Src\Math">
      <UniqueIdentifier>{9ef60024-8ed6-4228-a325-cb3c427361b5}</UniqueIdentifier>
    </Filter>
  </ItemGroup>
  <ItemGroup>
    <ClCompile Include="Src\main.cpp">
      <Filter>Src</Filter>
    </ClCompile>
    <ClCompile Include="Src\Camera\Camera.cpp">
      <Filter>Src\Camare</Filter>
    </ClCompile>
    <ClCompile Include="Src\ResourceManager\ResourceManager.cpp">
      <Filter>Src\ResourceManager</Filter>
    </ClCompile>
    <ClCompile Include="Src\SpriteRenderer\SpriteRenderer.cpp">
      <Filter>Src\SpriteRenderer</Filter>
    </ClCompile>
    <ClCompile Include="Src\World\Database\BlockManager.cpp">
      <Filter>Src\World\Database</Filter>
    </ClCompile>
    <ClCompile Include="Src\Helpers\Config.cpp">
      <Filter>Src\Helpers</Filter>
    </ClCompile>
    <ClCompile Include="Src\Systems\Window.cpp">
      <Filter>Src\Systems</Filter>
    </ClCompile>
    <ClCompile Include="Src\Scenes\SceneManager.cpp">
      <Filter>Src\Scenes</Filter>
    </ClCompile>
    <ClCompile Include="Src\Scenes\SceneMenu.cpp">
      <Filter>Src\Scenes</Filter>
    </ClCompile>
    <ClCompile Include="Src\World\Map\MapGenerator.cpp">
      <Filter>Src\World\Map</Filter>
    </ClCompile>
    <ClCompile Include="Src\Math\PerlinNoise.cpp">
      <Filter>Src\Math</Filter>
    </ClCompile>
    <ClCompile Include="Src\Scenes\SceneTitle.cpp">
      <Filter>Src\Scenes</Filter>
    </ClCompile>
    <ClCompile Include="Src\Scenes\Scene.cpp">
      <Filter>Src\Scenes</Filter>
    </ClCompile>
    <ClCompile Include="Src\Scenes\SceneGame.cpp">
      <Filter>Src\Scenes</Filter>
    </ClCompile>
    <ClCompile Include="Src\Scenes\SceneSettings.cpp">
      <Filter>Src\Scenes</Filter>
    </ClCompile>
    <ClCompile Include="Src\World\Map\MapManager.cpp">
      <Filter>Src\World\Map</Filter>
    </ClCompile>
    <ClCompile Include="Src\World\World.cpp">
      <Filter>Src\World</Filter>
    </ClCompile>
    <ClCompile Include="Src\Scenes\BuildingHelper.cpp">
      <Filter>Src\Scenes</Filter>
    </ClCompile>
  </ItemGroup>
  <ItemGroup>
    <ClInclude Include="Src\Helpers\Singleton.h">
      <Filter>Src\Helpers</Filter>
    </ClInclude>
    <ClInclude Include="Src\Systems\Window.h">
      <Filter>Src\Systems</Filter>
    </ClInclude>
    <ClInclude Include="Src\Camera\Camera.h">
      <Filter>Src\Camare</Filter>
    </ClInclude>
    <ClInclude Include="Src\Helpers\UtilTool.h">
      <Filter>Src\Helpers</Filter>
    </ClInclude>
    <ClInclude Include="Src\ResourceManager\ResourceManager.h">
      <Filter>Src\ResourceManager</Filter>
    </ClInclude>
    <ClInclude Include="Src\ResourceManager\Shader.h">
      <Filter>Src\ResourceManager</Filter>
    </ClInclude>
    <ClInclude Include="Src\ResourceManager\Texture.h">
      <Filter>Src\ResourceManager</Filter>
    </ClInclude>
    <ClInclude Include="Src\ResourceManager\Mesh.h">
      <Filter>Src\ResourceManager</Filter>
    </ClInclude>
    <ClInclude Include="Src\ResourceManager\Model.h">
      <Filter>Src\ResourceManager</Filter>
    </ClInclude>
    <ClInclude Include="Src\SpriteRenderer\SpriteRenderer.h">
      <Filter>Src\SpriteRenderer</Filter>
    </ClInclude>
    <ClInclude Include="Src\World\World.h">
      <Filter>Src\World</Filter>
    </ClInclude>
    <ClInclude Include="Src\World\Types\Block.h">
      <Filter>Src\World\Types</Filter>
    </ClInclude>
    <ClInclude Include="Src\World\Types\Chunk.h">
      <Filter>Src\World\Types</Filter>
    </ClInclude>
    <ClInclude Include="Src\World\Types\RenderChunk.h">
      <Filter>Src\World\Types</Filter>
    </ClInclude>
    <ClInclude Include="Src\World\Types\Region.h">
      <Filter>Src\World\Types</Filter>
    </ClInclude>
    <ClInclude Include="Src\World\Database\BlockManager.h">
      <Filter>Src\World\Database</Filter>
    </ClInclude>
    <ClInclude Include="Src\World\Database\BlockData.h">
      <Filter>Src\World\Database</Filter>
    </ClInclude>
    <ClInclude Include="Src\Helpers\EnvPath.h">
      <Filter>Src\Helpers</Filter>
    </ClInclude>
    <ClInclude Include="Src\Scenes\Scene.h">
      <Filter>Src\Scenes</Filter>
    </ClInclude>
    <ClInclude Include="Src\Scenes\SceneMenu.h">
      <Filter>Src\Scenes</Filter>
    </ClInclude>
    <ClInclude Include="Src\Scenes\SceneGame.h">
      <Filter>Src\Scenes</Filter>
    </ClInclude>
    <ClInclude Include="Src\Helpers\Config.h">
      <Filter>Src\Helpers</Filter>
    </ClInclude>
    <ClInclude Include="Src\Systems\Input.h">
      <Filter>Src\Systems</Filter>
    </ClInclude>
    <ClInclude Include="Src\Scenes\SceneManager.h">
      <Filter>Src\Scenes</Filter>
    </ClInclude>
    <ClInclude Include="Src\World\Characters\Character.h">
      <Filter>Src\World\Characters</Filter>
    </ClInclude>
    <ClInclude Include="Src\World\Characters\Player.h">
      <Filter>Src\World\Characters</Filter>
    </ClInclude>
    <ClInclude Include="Src\World\Map\MapManager.h">
      <Filter>Src\World\Map</Filter>
    </ClInclude>
    <ClInclude Include="Src\World\Map\MapGenerator.h">
      <Filter>Src\World\Map</Filter>
    </ClInclude>
    <ClInclude Include="Src\Math\PerlinNoise.h">
      <Filter>Src\Math</Filter>
    </ClInclude>
    <ClInclude Include="Src\Math\OctaveNoise.h">
      <Filter>Src\Math</Filter>
    </ClInclude>
    <ClInclude Include="Src\Math\Noise.h">
      <Filter>Src\Math</Filter>
    </ClInclude>
    <ClInclude Include="Src\Scenes\SceneTitle.h">
      <Filter>Src\Scenes</Filter>
    </ClInclude>
    <ClInclude Include="Src\Scenes\SceneSettings.h">
      <Filter>Src\Scenes</Filter>
    </ClInclude>
    <ClInclude Include="Src\Scenes\BuildingHelper.h">
      <Filter>Src\Scenes</Filter>
    </ClInclude>
  </ItemGroup>
  <ItemGroup>
    <None Include="Resources\Assets\blocks.json">
      <Filter>资源文件</Filter>
    </None>
    <None Include="GLSL\2D.fs.glsl">
      <Filter>GLSL</Filter>
    </None>
    <None Include="GLSL\2D.vs.glsl">
      <Filter>GLSL</Filter>
    </None>
    <None Include="GLSL\Block.fs.glsl">
      <Filter>GLSL</Filter>
    </None>
    <None Include="GLSL\Block.vs.glsl">
      <Filter>GLSL</Filter>
    </None>
    <None Include="GLSL\GBuffer.fs.glsl">
      <Filter>GLSL</Filter>
    </None>
    <None Include="GLSL\GBuffer.vs.glsl">
      <Filter>GLSL</Filter>
    </None>
    <None Include="GLSL\Object.fs.glsl">
      <Filter>GLSL</Filter>
    </None>
    <None Include="GLSL\Object.vs.glsl">
      <Filter>GLSL</Filter>
    </None>
    <None Include="GLSL\Sky.fs.glsl">
      <Filter>GLSL</Filter>
    </None>
    <None Include="GLSL\Sky.vs.glsl">
      <Filter>GLSL</Filter>
    </None>
    <None Include="GLSL\Block.gs.glsl">
      <Filter>GLSL</Filter>
    </None>
    <None Include="GLSL\Ssao.fs.glsl">
      <Filter>GLSL</Filter>
    </None>
    <None Include="GLSL\Ssao.vs.glsl">
      <Filter>GLSL</Filter>
    </None>
    <None Include="GLSL\SsaoBlur.fs.glsl">
      <Filter>GLSL</Filter>
    </None>
    <None Include="GLSL\SsaoLight.fs.glsl">
      <Filter>GLSL</Filter>
    </None>
    <None Include="GLSL\Depth.fs.glsl">
      <Filter>GLSL</Filter>
    </None>
    <None Include="GLSL\Depth.vs.glsl">
      <Filter>GLSL</Filter>
    </None>
    <None Include="GLSL\Font.fs.glsl">
      <Filter>GLSL</Filter>
    </None>
    <None Include="GLSL\Font.vs.glsl">
      <Filter>GLSL</Filter>
    </None>
  </ItemGroup>
</Project>